
Microsoft Visual Studio Solution File, Format Version 12.00
# Visual Studio 15
VisualStudioVersion = 15.0.26730.12
MinimumVisualStudioVersion = 10.0.40219.1
Project("{FAE04EC0-301F-11D3-BF4B-00C04F79EFBC}") = "LightInject.Extras.MvvmCross.Pcl", "LightInject.Extras.MvvmCross.Pcl\LightInject.Extras.MvvmCross.Pcl.csproj", "{BB3C51E5-44CA-44A6-B5DE-B6A897A41207}"
EndProject
Project("{FAE04EC0-301F-11D3-BF4B-00C04F79EFBC}") = "LightInject.Extras.MvvmCross.UnitTests", "LightInject.Extras.MvvmCross.UnitTests\LightInject.Extras.MvvmCross.UnitTests.csproj", "{637FE6E8-0663-47E3-98A9-AC5063B1F4B1}"
EndProject
Global
	GlobalSection(SolutionConfigurationPlatforms) = preSolution
		Debug|Any CPU = Debug|Any CPU
		Release|Any CPU = Release|Any CPU
	EndGlobalSection
	GlobalSection(ProjectConfigurationPlatforms) = postSolution
		{BB3C51E5-44CA-44A6-B5DE-B6A897A41207}.Debug|Any CPU.ActiveCfg = Debug|Any CPU
		{BB3C51E5-44CA-44A6-B5DE-B6A897A41207}.Debug|Any CPU.Build.0 = Debug|Any CPU
		{BB3C51E5-44CA-44A6-B5DE-B6A897A41207}.Release|Any CPU.ActiveCfg = Release|Any CPU
		{BB3C51E5-44CA-44A6-B5DE-B6A897A41207}.Release|Any CPU.Build.0 = Release|Any CPU
		{637FE6E8-0663-47E3-98A9-AC5063B1F4B1}.Debug|Any CPU.ActiveCfg = Debug|Any CPU
		{637FE6E8-0663-47E3-98A9-AC5063B1F4B1}.Debug|Any CPU.Build.0 = Debug|Any CPU
		{637FE6E8-0663-47E3-98A9-AC5063B1F4B1}.Release|Any CPU.ActiveCfg = Release|Any CPU
		{637FE6E8-0663-47E3-98A9-AC5063B1F4B1}.Release|Any CPU.Build.0 = Release|Any CPU
	EndGlobalSection
	GlobalSection(SolutionProperties) = preSolution
		HideSolutionNode = FALSE
	EndGlobalSection
	GlobalSection(ExtensibilityGlobals) = postSolution
		SolutionGuid = {CC3B9EB9-906B-43D0-84D9-5054629AD1EC}
	EndGlobalSection
EndGlobal
